
Microsoft Visual Studio Solution File, Format Version 12.00
# Visual Studio Version 17
VisualStudioVersion = 17.0.32014.148
MinimumVisualStudioVersion = 10.0.40219.1
Project("{FAE04EC0-301F-11D3-BF4B-00C04F79EFBC}") = "StudentManagementSystem", "StudentManagementSystem\StudentManagementSystem.csproj", "{A804FE2B-26F0-40AE-AABD-454FDC29BE0F}"
EndProject
Global
	GlobalSection(SolutionConfigurationPlatforms) = preSolution
		Debug|Any CPU = Debug|Any CPU
		Release|Any CPU = Release|Any CPU
	EndGlobalSection
	GlobalSection(ProjectConfigurationPlatforms) = postSolution
		{A804FE2B-26F0-40AE-AABD-454FDC29BE0F}.Debug|Any CPU.ActiveCfg = Debug|Any CPU
		{A804FE2B-26F0-40AE-AABD-454FDC29BE0F}.Debug|Any CPU.Build.0 = Debug|Any CPU
		{A804FE2B-26F0-40AE-AABD-454FDC29BE0F}.Release|Any CPU.ActiveCfg = Release|Any CPU
		{A804FE2B-26F0-40AE-AABD-454FDC29BE0F}.Release|Any CPU.Build.0 = Release|Any CPU
	EndGlobalSection
	GlobalSection(SolutionProperties) = preSolution
		HideSolutionNode = FALSE
	EndGlobalSection
	GlobalSection(ExtensibilityGlobals) = postSolution
		SolutionGuid = {75837C0D-B728-4DC0-B3A2-60A5F30A17AE}
	EndGlobalSection
EndGlobal
